// !$*UTF8*$!
{
	archiveVersion = 1;
	classes = {
	};
	objectVersion = 46;
	objects = {

/* Begin PBXBuildFile section */
		2E543F241F21C60A00813593 /* CityViewModel.m in Sources */ = {isa = PBXBuildFile; fileRef = 2E543F231F21C60A00813593 /* CityViewModel.m */; };
		2E543F271F21EEEB00813593 /* ImagePickerViewController.m in Sources */ = {isa = PBXBuildFile; fileRef = 2E543F261F21EEEB00813593 /* ImagePickerViewController.m */; };
		2E543F2A1F244A3B00813593 /* CheckViewController.m in Sources */ = {isa = PBXBuildFile; fileRef = 2E543F291F244A3A00813593 /* CheckViewController.m */; };
		2E543F2D1F244F6B00813593 /* CheckFailureViewController.m in Sources */ = {isa = PBXBuildFile; fileRef = 2E543F2C1F244F6B00813593 /* CheckFailureViewController.m */; };
		2E543F301F24720800813593 /* TaskViewController.m in Sources */ = {isa = PBXBuildFile; fileRef = 2E543F2F1F24720800813593 /* TaskViewController.m */; };
		2E543F341F24763C00813593 /* BatteryViewController.m in Sources */ = {isa = PBXBuildFile; fileRef = 2E543F331F24763C00813593 /* BatteryViewController.m */; };
		2E543F371F24933D00813593 /* UserViewController.m in Sources */ = {isa = PBXBuildFile; fileRef = 2E543F361F24933D00813593 /* UserViewController.m */; };
		2E543F3C1F257A8600813593 /* UserTableHeaderView.m in Sources */ = {isa = PBXBuildFile; fileRef = 2E543F3B1F257A8600813593 /* UserTableHeaderView.m */; };
		2E543F3F1F258F5A00813593 /* MonutShowView.m in Sources */ = {isa = PBXBuildFile; fileRef = 2E543F3E1F258F5A00813593 /* MonutShowView.m */; };
		2E543F421F25BFE900813593 /* QBUserTableViewCell.m in Sources */ = {isa = PBXBuildFile; fileRef = 2E543F411F25BFE900813593 /* QBUserTableViewCell.m */; };
		2E543F461F25C7FF00813593 /* QBUserViewModel.m in Sources */ = {isa = PBXBuildFile; fileRef = 2E543F451F25C7FF00813593 /* QBUserViewModel.m */; };
		2ECB055F1F1DEC6700278EE9 /* main.m in Sources */ = {isa = PBXBuildFile; fileRef = 2ECB055E1F1DEC6700278EE9 /* main.m */; };
		2ECB05621F1DEC6700278EE9 /* AppDelegate.m in Sources */ = {isa = PBXBuildFile; fileRef = 2ECB05611F1DEC6700278EE9 /* AppDelegate.m */; };
		2ECB05651F1DEC6700278EE9 /* ViewController.m in Sources */ = {isa = PBXBuildFile; fileRef = 2ECB05641F1DEC6700278EE9 /* ViewController.m */; };
		2ECB05681F1DEC6700278EE9 /* Main.storyboard in Resources */ = {isa = PBXBuildFile; fileRef = 2ECB05661F1DEC6700278EE9 /* Main.storyboard */; };
		2ECB056A1F1DEC6700278EE9 /* Assets.xcassets in Resources */ = {isa = PBXBuildFile; fileRef = 2ECB05691F1DEC6700278EE9 /* Assets.xcassets */; };
		2ECB056D1F1DEC6700278EE9 /* LaunchScreen.storyboard in Resources */ = {isa = PBXBuildFile; fileRef = 2ECB056B1F1DEC6700278EE9 /* LaunchScreen.storyboard */; };
		2ECB057C1F1DF62400278EE9 /* LoginViewController.m in Sources */ = {isa = PBXBuildFile; fileRef = 2ECB057B1F1DF62400278EE9 /* LoginViewController.m */; };
		2ECB057F1F1E069D00278EE9 /* QBTextField.m in Sources */ = {isa = PBXBuildFile; fileRef = 2ECB057E1F1E069D00278EE9 /* QBTextField.m */; };
		2ECB05851F1EE50200278EE9 /* UIColor+Hex.m in Sources */ = {isa = PBXBuildFile; fileRef = 2ECB05841F1EE50200278EE9 /* UIColor+Hex.m */; };
		2ECB05901F1F341C00278EE9 /* AppColor.m in Sources */ = {isa = PBXBuildFile; fileRef = 2ECB058F1F1F341C00278EE9 /* AppColor.m */; };
		2ECB05951F204E3400278EE9 /* LoginViewModel.m in Sources */ = {isa = PBXBuildFile; fileRef = 2ECB05941F204E3400278EE9 /* LoginViewModel.m */; };
		2ECB05981F205B5B00278EE9 /* AuthViewController.m in Sources */ = {isa = PBXBuildFile; fileRef = 2ECB05971F205B5B00278EE9 /* AuthViewController.m */; };
		2ECB059D1F205CA400278EE9 /* BaseViewController.m in Sources */ = {isa = PBXBuildFile; fileRef = 2ECB059C1F205CA400278EE9 /* BaseViewController.m */; };
		2ECB05A01F207FC200278EE9 /* UserViewModel.m in Sources */ = {isa = PBXBuildFile; fileRef = 2ECB059F1F207FC200278EE9 /* UserViewModel.m */; };
		2ECB05A41F20A29F00278EE9 /* CompleteInfoViewController.m in Sources */ = {isa = PBXBuildFile; fileRef = 2ECB05A31F20A29F00278EE9 /* CompleteInfoViewController.m */; };
		2ECB05AA1F20DF8100278EE9 /* QBTableViewCell.m in Sources */ = {isa = PBXBuildFile; fileRef = 2ECB05A91F20DF8100278EE9 /* QBTableViewCell.m */; };
		2ECB05AD1F21908B00278EE9 /* SelectCityViewController.m in Sources */ = {isa = PBXBuildFile; fileRef = 2ECB05AC1F21908B00278EE9 /* SelectCityViewController.m */; };
		2EECE6081F25E10200952362 /* LinkButton.m in Sources */ = {isa = PBXBuildFile; fileRef = 2EECE6071F25E10200952362 /* LinkButton.m */; };
		2EECE60B1F25EA7100952362 /* MyWalletViewController.m in Sources */ = {isa = PBXBuildFile; fileRef = 2EECE60A1F25EA7100952362 /* MyWalletViewController.m */; };
		2EECE60E1F26140E00952362 /* MyWalletDetailViewController.m in Sources */ = {isa = PBXBuildFile; fileRef = 2EECE60D1F26140E00952362 /* MyWalletDetailViewController.m */; };
		2EECE6111F26D9EE00952362 /* UIViewController+Aop.m in Sources */ = {isa = PBXBuildFile; fileRef = 2EECE6101F26D9EE00952362 /* UIViewController+Aop.m */; };
		2EECE6141F272B6800952362 /* CustomUtil.m in Sources */ = {isa = PBXBuildFile; fileRef = 2EECE6131F272B6800952362 /* CustomUtil.m */; };
		2EECE6171F273C8100952362 /* HistoryTaskViewController.m in Sources */ = {isa = PBXBuildFile; fileRef = 2EECE6161F273C8100952362 /* HistoryTaskViewController.m */; };
		2EECE61A1F2740AF00952362 /* HistoryTaskTableViewCell.m in Sources */ = {isa = PBXBuildFile; fileRef = 2EECE6191F2740AF00952362 /* HistoryTaskTableViewCell.m */; };
		2EECE61D1F2746F200952362 /* QBSperatorLine.m in Sources */ = {isa = PBXBuildFile; fileRef = 2EECE61C1F2746F200952362 /* QBSperatorLine.m */; };
		2EECE6231F27764700952362 /* HistoryTaskDetailViewController.m in Sources */ = {isa = PBXBuildFile; fileRef = 2EECE6221F27764700952362 /* HistoryTaskDetailViewController.m */; };
		2EECE6261F281E0E00952362 /* TaskModel.m in Sources */ = {isa = PBXBuildFile; fileRef = 2EECE6251F281E0E00952362 /* TaskModel.m */; };
		2EECE6291F28768300952362 /* HistoryTaskViewModel.m in Sources */ = {isa = PBXBuildFile; fileRef = 2EECE6281F28768300952362 /* HistoryTaskViewModel.m */; };
		436D622F79C713D207647FC8 /* Pods_Switchover.framework in Frameworks */ = {isa = PBXBuildFile; fileRef = F429D2EB2CCC4591D55FF038 /* Pods_Switchover.framework */; };
/* End PBXBuildFile section */

/* Begin PBXFileReference section */
		2E543F221F21C60A00813593 /* CityViewModel.h */ = {isa = PBXFileReference; fileEncoding = 4; lastKnownFileType = sourcecode.c.h; path = CityViewModel.h; sourceTree = "<group>"; };
		2E543F231F21C60A00813593 /* CityViewModel.m */ = {isa = PBXFileReference; fileEncoding = 4; lastKnownFileType = sourcecode.c.objc; path = CityViewModel.m; sourceTree = "<group>"; };
		2E543F251F21EEEB00813593 /* ImagePickerViewController.h */ = {isa = PBXFileReference; fileEncoding = 4; lastKnownFileType = sourcecode.c.h; path = ImagePickerViewController.h; sourceTree = "<group>"; };
		2E543F261F21EEEB00813593 /* ImagePickerViewController.m */ = {isa = PBXFileReference; fileEncoding = 4; lastKnownFileType = sourcecode.c.objc; path = ImagePickerViewController.m; sourceTree = "<group>"; };
		2E543F281F244A3A00813593 /* CheckViewController.h */ = {isa = PBXFileReference; fileEncoding = 4; lastKnownFileType = sourcecode.c.h; path = CheckViewController.h; sourceTree = "<group>"; };
		2E543F291F244A3A00813593 /* CheckViewController.m */ = {isa = PBXFileReference; fileEncoding = 4; lastKnownFileType = sourcecode.c.objc; path = CheckViewController.m; sourceTree = "<group>"; };
		2E543F2B1F244F6B00813593 /* CheckFailureViewController.h */ = {isa = PBXFileReference; fileEncoding = 4; lastKnownFileType = sourcecode.c.h; path = CheckFailureViewController.h; sourceTree = "<group>"; };
		2E543F2C1F244F6B00813593 /* CheckFailureViewController.m */ = {isa = PBXFileReference; fileEncoding = 4; lastKnownFileType = sourcecode.c.objc; path = CheckFailureViewController.m; sourceTree = "<group>"; };
		2E543F2E1F24720800813593 /* TaskViewController.h */ = {isa = PBXFileReference; fileEncoding = 4; lastKnownFileType = sourcecode.c.h; path = TaskViewController.h; sourceTree = "<group>"; };
		2E543F2F1F24720800813593 /* TaskViewController.m */ = {isa = PBXFileReference; fileEncoding = 4; lastKnownFileType = sourcecode.c.objc; path = TaskViewController.m; sourceTree = "<group>"; };
		2E543F321F24763C00813593 /* BatteryViewController.h */ = {isa = PBXFileReference; fileEncoding = 4; lastKnownFileType = sourcecode.c.h; path = BatteryViewController.h; sourceTree = "<group>"; };
		2E543F331F24763C00813593 /* BatteryViewController.m */ = {isa = PBXFileReference; fileEncoding = 4; lastKnownFileType = sourcecode.c.objc; path = BatteryViewController.m; sourceTree = "<group>"; };
		2E543F351F24933D00813593 /* UserViewController.h */ = {isa = PBXFileReference; fileEncoding = 4; lastKnownFileType = sourcecode.c.h; path = UserViewController.h; sourceTree = "<group>"; };
		2E543F361F24933D00813593 /* UserViewController.m */ = {isa = PBXFileReference; fileEncoding = 4; lastKnownFileType = sourcecode.c.objc; path = UserViewController.m; sourceTree = "<group>"; };
		2E543F3A1F257A8600813593 /* UserTableHeaderView.h */ = {isa = PBXFileReference; fileEncoding = 4; lastKnownFileType = sourcecode.c.h; path = UserTableHeaderView.h; sourceTree = "<group>"; };
		2E543F3B1F257A8600813593 /* UserTableHeaderView.m */ = {isa = PBXFileReference; fileEncoding = 4; lastKnownFileType = sourcecode.c.objc; path = UserTableHeaderView.m; sourceTree = "<group>"; };
		2E543F3D1F258F5A00813593 /* MonutShowView.h */ = {isa = PBXFileReference; fileEncoding = 4; lastKnownFileType = sourcecode.c.h; path = MonutShowView.h; sourceTree = "<group>"; };
		2E543F3E1F258F5A00813593 /* MonutShowView.m */ = {isa = PBXFileReference; fileEncoding = 4; lastKnownFileType = sourcecode.c.objc; path = MonutShowView.m; sourceTree = "<group>"; };
		2E543F401F25BFE900813593 /* QBUserTableViewCell.h */ = {isa = PBXFileReference; fileEncoding = 4; lastKnownFileType = sourcecode.c.h; path = QBUserTableViewCell.h; sourceTree = "<group>"; };
		2E543F411F25BFE900813593 /* QBUserTableViewCell.m */ = {isa = PBXFileReference; fileEncoding = 4; lastKnownFileType = sourcecode.c.objc; path = QBUserTableViewCell.m; sourceTree = "<group>"; };
		2E543F441F25C7FF00813593 /* QBUserViewModel.h */ = {isa = PBXFileReference; fileEncoding = 4; lastKnownFileType = sourcecode.c.h; path = QBUserViewModel.h; sourceTree = "<group>"; };
		2E543F451F25C7FF00813593 /* QBUserViewModel.m */ = {isa = PBXFileReference; fileEncoding = 4; lastKnownFileType = sourcecode.c.objc; path = QBUserViewModel.m; sourceTree = "<group>"; };
		2ECB055A1F1DEC6700278EE9 /* Switchover.app */ = {isa = PBXFileReference; explicitFileType = wrapper.application; includeInIndex = 0; path = Switchover.app; sourceTree = BUILT_PRODUCTS_DIR; };
		2ECB055E1F1DEC6700278EE9 /* main.m */ = {isa = PBXFileReference; lastKnownFileType = sourcecode.c.objc; path = main.m; sourceTree = "<group>"; };
		2ECB05601F1DEC6700278EE9 /* AppDelegate.h */ = {isa = PBXFileReference; lastKnownFileType = sourcecode.c.h; path = AppDelegate.h; sourceTree = "<group>"; };
		2ECB05611F1DEC6700278EE9 /* AppDelegate.m */ = {isa = PBXFileReference; lastKnownFileType = sourcecode.c.objc; path = AppDelegate.m; sourceTree = "<group>"; };
		2ECB05631F1DEC6700278EE9 /* ViewController.h */ = {isa = PBXFileReference; lastKnownFileType = sourcecode.c.h; path = ViewController.h; sourceTree = "<group>"; };
		2ECB05641F1DEC6700278EE9 /* ViewController.m */ = {isa = PBXFileReference; lastKnownFileType = sourcecode.c.objc; path = ViewController.m; sourceTree = "<group>"; };
		2ECB05671F1DEC6700278EE9 /* Base */ = {isa = PBXFileReference; lastKnownFileType = file.storyboard; name = Base; path = Base.lproj/Main.storyboard; sourceTree = "<group>"; };
		2ECB05691F1DEC6700278EE9 /* Assets.xcassets */ = {isa = PBXFileReference; lastKnownFileType = folder.assetcatalog; path = Assets.xcassets; sourceTree = "<group>"; };
		2ECB056C1F1DEC6700278EE9 /* Base */ = {isa = PBXFileReference; lastKnownFileType = file.storyboard; name = Base; path = Base.lproj/LaunchScreen.storyboard; sourceTree = "<group>"; };
		2ECB056E1F1DEC6700278EE9 /* Info.plist */ = {isa = PBXFileReference; lastKnownFileType = text.plist.xml; path = Info.plist; sourceTree = "<group>"; };
		2ECB057A1F1DF62400278EE9 /* LoginViewController.h */ = {isa = PBXFileReference; fileEncoding = 4; lastKnownFileType = sourcecode.c.h; path = LoginViewController.h; sourceTree = "<group>"; };
		2ECB057B1F1DF62400278EE9 /* LoginViewController.m */ = {isa = PBXFileReference; fileEncoding = 4; lastKnownFileType = sourcecode.c.objc; path = LoginViewController.m; sourceTree = "<group>"; };
		2ECB057D1F1E069D00278EE9 /* QBTextField.h */ = {isa = PBXFileReference; fileEncoding = 4; lastKnownFileType = sourcecode.c.h; path = QBTextField.h; sourceTree = "<group>"; };
		2ECB057E1F1E069D00278EE9 /* QBTextField.m */ = {isa = PBXFileReference; fileEncoding = 4; lastKnownFileType = sourcecode.c.objc; path = QBTextField.m; sourceTree = "<group>"; };
		2ECB05831F1EE50200278EE9 /* UIColor+Hex.h */ = {isa = PBXFileReference; fileEncoding = 4; lastKnownFileType = sourcecode.c.h; path = "UIColor+Hex.h"; sourceTree = "<group>"; };
		2ECB05841F1EE50200278EE9 /* UIColor+Hex.m */ = {isa = PBXFileReference; fileEncoding = 4; lastKnownFileType = sourcecode.c.objc; path = "UIColor+Hex.m"; sourceTree = "<group>"; };
		2ECB058E1F1F341C00278EE9 /* AppColor.h */ = {isa = PBXFileReference; fileEncoding = 4; lastKnownFileType = sourcecode.c.h; path = AppColor.h; sourceTree = "<group>"; };
		2ECB058F1F1F341C00278EE9 /* AppColor.m */ = {isa = PBXFileReference; fileEncoding = 4; lastKnownFileType = sourcecode.c.objc; path = AppColor.m; sourceTree = "<group>"; };
		2ECB05931F204E3400278EE9 /* LoginViewModel.h */ = {isa = PBXFileReference; fileEncoding = 4; lastKnownFileType = sourcecode.c.h; path = LoginViewModel.h; sourceTree = "<group>"; };
		2ECB05941F204E3400278EE9 /* LoginViewModel.m */ = {isa = PBXFileReference; fileEncoding = 4; lastKnownFileType = sourcecode.c.objc; path = LoginViewModel.m; sourceTree = "<group>"; };
		2ECB05961F205B5B00278EE9 /* AuthViewController.h */ = {isa = PBXFileReference; fileEncoding = 4; lastKnownFileType = sourcecode.c.h; path = AuthViewController.h; sourceTree = "<group>"; };
		2ECB05971F205B5B00278EE9 /* AuthViewController.m */ = {isa = PBXFileReference; fileEncoding = 4; lastKnownFileType = sourcecode.c.objc; path = AuthViewController.m; sourceTree = "<group>"; };
		2ECB059B1F205CA400278EE9 /* BaseViewController.h */ = {isa = PBXFileReference; fileEncoding = 4; lastKnownFileType = sourcecode.c.h; path = BaseViewController.h; sourceTree = "<group>"; };
		2ECB059C1F205CA400278EE9 /* BaseViewController.m */ = {isa = PBXFileReference; fileEncoding = 4; lastKnownFileType = sourcecode.c.objc; path = BaseViewController.m; sourceTree = "<group>"; };
		2ECB059E1F207FC200278EE9 /* UserViewModel.h */ = {isa = PBXFileReference; fileEncoding = 4; lastKnownFileType = sourcecode.c.h; path = UserViewModel.h; sourceTree = "<group>"; };
		2ECB059F1F207FC200278EE9 /* UserViewModel.m */ = {isa = PBXFileReference; fileEncoding = 4; lastKnownFileType = sourcecode.c.objc; path = UserViewModel.m; sourceTree = "<group>"; };
		2ECB05A21F20A29F00278EE9 /* CompleteInfoViewController.h */ = {isa = PBXFileReference; fileEncoding = 4; lastKnownFileType = sourcecode.c.h; path = CompleteInfoViewController.h; sourceTree = "<group>"; };
		2ECB05A31F20A29F00278EE9 /* CompleteInfoViewController.m */ = {isa = PBXFileReference; fileEncoding = 4; lastKnownFileType = sourcecode.c.objc; path = CompleteInfoViewController.m; sourceTree = "<group>"; };
		2ECB05A81F20DF8100278EE9 /* QBTableViewCell.h */ = {isa = PBXFileReference; fileEncoding = 4; lastKnownFileType = sourcecode.c.h; path = QBTableViewCell.h; sourceTree = "<group>"; };
		2ECB05A91F20DF8100278EE9 /* QBTableViewCell.m */ = {isa = PBXFileReference; fileEncoding = 4; lastKnownFileType = sourcecode.c.objc; path = QBTableViewCell.m; sourceTree = "<group>"; };
		2ECB05AB1F21908B00278EE9 /* SelectCityViewController.h */ = {isa = PBXFileReference; fileEncoding = 4; lastKnownFileType = sourcecode.c.h; path = SelectCityViewController.h; sourceTree = "<group>"; };
		2ECB05AC1F21908B00278EE9 /* SelectCityViewController.m */ = {isa = PBXFileReference; fileEncoding = 4; lastKnownFileType = sourcecode.c.objc; path = SelectCityViewController.m; sourceTree = "<group>"; };
		2EECE6061F25E10200952362 /* LinkButton.h */ = {isa = PBXFileReference; fileEncoding = 4; lastKnownFileType = sourcecode.c.h; path = LinkButton.h; sourceTree = "<group>"; };
		2EECE6071F25E10200952362 /* LinkButton.m */ = {isa = PBXFileReference; fileEncoding = 4; lastKnownFileType = sourcecode.c.objc; path = LinkButton.m; sourceTree = "<group>"; };
		2EECE6091F25EA7100952362 /* MyWalletViewController.h */ = {isa = PBXFileReference; fileEncoding = 4; lastKnownFileType = sourcecode.c.h; path = MyWalletViewController.h; sourceTree = "<group>"; };
		2EECE60A1F25EA7100952362 /* MyWalletViewController.m */ = {isa = PBXFileReference; fileEncoding = 4; lastKnownFileType = sourcecode.c.objc; path = MyWalletViewController.m; sourceTree = "<group>"; };
		2EECE60C1F26140E00952362 /* MyWalletDetailViewController.h */ = {isa = PBXFileReference; fileEncoding = 4; lastKnownFileType = sourcecode.c.h; path = MyWalletDetailViewController.h; sourceTree = "<group>"; };
		2EECE60D1F26140E00952362 /* MyWalletDetailViewController.m */ = {isa = PBXFileReference; fileEncoding = 4; lastKnownFileType = sourcecode.c.objc; path = MyWalletDetailViewController.m; sourceTree = "<group>"; };
		2EECE60F1F26D9EE00952362 /* UIViewController+Aop.h */ = {isa = PBXFileReference; fileEncoding = 4; lastKnownFileType = sourcecode.c.h; path = "UIViewController+Aop.h"; sourceTree = "<group>"; };
		2EECE6101F26D9EE00952362 /* UIViewController+Aop.m */ = {isa = PBXFileReference; fileEncoding = 4; lastKnownFileType = sourcecode.c.objc; path = "UIViewController+Aop.m"; sourceTree = "<group>"; };
		2EECE6121F272B6800952362 /* CustomUtil.h */ = {isa = PBXFileReference; fileEncoding = 4; lastKnownFileType = sourcecode.c.h; path = CustomUtil.h; sourceTree = "<group>"; };
		2EECE6131F272B6800952362 /* CustomUtil.m */ = {isa = PBXFileReference; fileEncoding = 4; lastKnownFileType = sourcecode.c.objc; path = CustomUtil.m; sourceTree = "<group>"; };
		2EECE6151F273C8100952362 /* HistoryTaskViewController.h */ = {isa = PBXFileReference; fileEncoding = 4; lastKnownFileType = sourcecode.c.h; path = HistoryTaskViewController.h; sourceTree = "<group>"; };
		2EECE6161F273C8100952362 /* HistoryTaskViewController.m */ = {isa = PBXFileReference; fileEncoding = 4; lastKnownFileType = sourcecode.c.objc; path = HistoryTaskViewController.m; sourceTree = "<group>"; };
		2EECE6181F2740AF00952362 /* HistoryTaskTableViewCell.h */ = {isa = PBXFileReference; fileEncoding = 4; lastKnownFileType = sourcecode.c.h; path = HistoryTaskTableViewCell.h; sourceTree = "<group>"; };
		2EECE6191F2740AF00952362 /* HistoryTaskTableViewCell.m */ = {isa = PBXFileReference; fileEncoding = 4; lastKnownFileType = sourcecode.c.objc; path = HistoryTaskTableViewCell.m; sourceTree = "<group>"; };
		2EECE61B1F2746F200952362 /* QBSperatorLine.h */ = {isa = PBXFileReference; fileEncoding = 4; lastKnownFileType = sourcecode.c.h; path = QBSperatorLine.h; sourceTree = "<group>"; };
		2EECE61C1F2746F200952362 /* QBSperatorLine.m */ = {isa = PBXFileReference; fileEncoding = 4; lastKnownFileType = sourcecode.c.objc; path = QBSperatorLine.m; sourceTree = "<group>"; };
		2EECE6211F27764700952362 /* HistoryTaskDetailViewController.h */ = {isa = PBXFileReference; fileEncoding = 4; lastKnownFileType = sourcecode.c.h; path = HistoryTaskDetailViewController.h; sourceTree = "<group>"; };
		2EECE6221F27764700952362 /* HistoryTaskDetailViewController.m */ = {isa = PBXFileReference; fileEncoding = 4; lastKnownFileType = sourcecode.c.objc; path = HistoryTaskDetailViewController.m; sourceTree = "<group>"; };
		2EECE6241F281E0E00952362 /* TaskModel.h */ = {isa = PBXFileReference; fileEncoding = 4; lastKnownFileType = sourcecode.c.h; path = TaskModel.h; sourceTree = "<group>"; };
		2EECE6251F281E0E00952362 /* TaskModel.m */ = {isa = PBXFileReference; fileEncoding = 4; lastKnownFileType = sourcecode.c.objc; path = TaskModel.m; sourceTree = "<group>"; };
		2EECE6271F28768300952362 /* HistoryTaskViewModel.h */ = {isa = PBXFileReference; fileEncoding = 4; lastKnownFileType = sourcecode.c.h; path = HistoryTaskViewModel.h; sourceTree = "<group>"; };
		2EECE6281F28768300952362 /* HistoryTaskViewModel.m */ = {isa = PBXFileReference; fileEncoding = 4; lastKnownFileType = sourcecode.c.objc; path = HistoryTaskViewModel.m; sourceTree = "<group>"; };
		BF63F9F5190223DB348902A5 /* Pods-Switchover.debug.xcconfig */ = {isa = PBXFileReference; includeInIndex = 1; lastKnownFileType = text.xcconfig; name = "Pods-Switchover.debug.xcconfig"; path = "Pods/Target Support Files/Pods-Switchover/Pods-Switchover.debug.xcconfig"; sourceTree = "<group>"; };
		F03A3540C584093F0DEC5815 /* Pods-Switchover.release.xcconfig */ = {isa = PBXFileReference; includeInIndex = 1; lastKnownFileType = text.xcconfig; name = "Pods-Switchover.release.xcconfig"; path = "Pods/Target Support Files/Pods-Switchover/Pods-Switchover.release.xcconfig"; sourceTree = "<group>"; };
		F429D2EB2CCC4591D55FF038 /* Pods_Switchover.framework */ = {isa = PBXFileReference; explicitFileType = wrapper.framework; includeInIndex = 0; path = Pods_Switchover.framework; sourceTree = BUILT_PRODUCTS_DIR; };
/* End PBXFileReference section */

/* Begin PBXFrameworksBuildPhase section */
		2ECB05571F1DEC6700278EE9 /* Frameworks */ = {
			isa = PBXFrameworksBuildPhase;
			buildActionMask = 2147483647;
			files = (
				436D622F79C713D207647FC8 /* Pods_Switchover.framework in Frameworks */,
			);
			runOnlyForDeploymentPostprocessing = 0;
		};
/* End PBXFrameworksBuildPhase section */

/* Begin PBXGroup section */
		0E57B6C7408743342B4864B8 /* Frameworks */ = {
			isa = PBXGroup;
			children = (
				F429D2EB2CCC4591D55FF038 /* Pods_Switchover.framework */,
			);
			name = Frameworks;
			sourceTree = "<group>";
		};
		2E543F311F24761A00813593 /* User */ = {
			isa = PBXGroup;
			children = (
				2E543F351F24933D00813593 /* UserViewController.h */,
				2E543F361F24933D00813593 /* UserViewController.m */,
				2EECE6091F25EA7100952362 /* MyWalletViewController.h */,
				2EECE60A1F25EA7100952362 /* MyWalletViewController.m */,
				2EECE60C1F26140E00952362 /* MyWalletDetailViewController.h */,
				2EECE60D1F26140E00952362 /* MyWalletDetailViewController.m */,
				2EECE6151F273C8100952362 /* HistoryTaskViewController.h */,
				2EECE6161F273C8100952362 /* HistoryTaskViewController.m */,
				2EECE6211F27764700952362 /* HistoryTaskDetailViewController.h */,
				2EECE6221F27764700952362 /* HistoryTaskDetailViewController.m */,
			);
			name = User;
			sourceTree = "<group>";
		};
		2E543F391F25799800813593 /* ViewModels */ = {
			isa = PBXGroup;
			children = (
				2E543F431F25C7DC00813593 /* user */,
			);
			path = ViewModels;
			sourceTree = "<group>";
		};
		2E543F431F25C7DC00813593 /* user */ = {
			isa = PBXGroup;
			children = (
				2E543F441F25C7FF00813593 /* QBUserViewModel.h */,
				2E543F451F25C7FF00813593 /* QBUserViewModel.m */,
				2EECE6271F28768300952362 /* HistoryTaskViewModel.h */,
				2EECE6281F28768300952362 /* HistoryTaskViewModel.m */,
			);
			name = user;
			sourceTree = "<group>";
		};
		2ECB05511F1DEC6700278EE9 = {
			isa = PBXGroup;
			children = (
				2ECB055C1F1DEC6700278EE9 /* Switchover */,
				2ECB055B1F1DEC6700278EE9 /* Products */,
				84E5D2D4D20EAFB1868EF6A1 /* Pods */,
				0E57B6C7408743342B4864B8 /* Frameworks */,
			);
			sourceTree = "<group>";
		};
		2ECB055B1F1DEC6700278EE9 /* Products */ = {
			isa = PBXGroup;
			children = (
				2ECB055A1F1DEC6700278EE9 /* Switchover.app */,
			);
			name = Products;
			sourceTree = "<group>";
		};
		2ECB055C1F1DEC6700278EE9 /* Switchover */ = {
			isa = PBXGroup;
			children = (
				2E543F391F25799800813593 /* ViewModels */,
				2ECB05A11F2083E100278EE9 /* Networking */,
				2ECB05861F1F325C00278EE9 /* Config */,
				2ECB05771F1DF4B100278EE9 /* Helpers */,
				2ECB05761F1DF4A900278EE9 /* Controllers */,
				2ECB05751F1DF4A200278EE9 /* Views */,
				2ECB05741F1DF49900278EE9 /* Models */,
				2ECB05601F1DEC6700278EE9 /* AppDelegate.h */,
				2ECB05611F1DEC6700278EE9 /* AppDelegate.m */,
				2ECB05631F1DEC6700278EE9 /* ViewController.h */,
				2ECB05641F1DEC6700278EE9 /* ViewController.m */,
				2ECB05661F1DEC6700278EE9 /* Main.storyboard */,
				2ECB05691F1DEC6700278EE9 /* Assets.xcassets */,
				2ECB056B1F1DEC6700278EE9 /* LaunchScreen.storyboard */,
				2ECB056E1F1DEC6700278EE9 /* Info.plist */,
				2ECB055D1F1DEC6700278EE9 /* Supporting Files */,
			);
			path = Switchover;
			sourceTree = "<group>";
		};
		2ECB055D1F1DEC6700278EE9 /* Supporting Files */ = {
			isa = PBXGroup;
			children = (
				2ECB055E1F1DEC6700278EE9 /* main.m */,
			);
			name = "Supporting Files";
			sourceTree = "<group>";
		};
		2ECB05741F1DF49900278EE9 /* Models */ = {
			isa = PBXGroup;
			children = (
				2ECB05931F204E3400278EE9 /* LoginViewModel.h */,
				2ECB05941F204E3400278EE9 /* LoginViewModel.m */,
				2ECB059E1F207FC200278EE9 /* UserViewModel.h */,
				2ECB059F1F207FC200278EE9 /* UserViewModel.m */,
				2E543F221F21C60A00813593 /* CityViewModel.h */,
				2E543F231F21C60A00813593 /* CityViewModel.m */,
				2EECE6241F281E0E00952362 /* TaskModel.h */,
				2EECE6251F281E0E00952362 /* TaskModel.m */,
			);
			path = Models;
			sourceTree = "<group>";
		};
		2ECB05751F1DF4A200278EE9 /* Views */ = {
			isa = PBXGroup;
			children = (
				2ECB05921F20371100278EE9 /* page */,
				2ECB05911F2036FA00278EE9 /* common */,
			);
			path = Views;
			sourceTree = "<group>";
		};
		2ECB05761F1DF4A900278EE9 /* Controllers */ = {
			isa = PBXGroup;
			children = (
				2ECB059A1F205C8B00278EE9 /* base */,
				2ECB05781F1DF5A700278EE9 /* main */,
			);
			path = Controllers;
			sourceTree = "<group>";
		};
		2ECB05771F1DF4B100278EE9 /* Helpers */ = {
			isa = PBXGroup;
			children = (
				2ECB05831F1EE50200278EE9 /* UIColor+Hex.h */,
				2ECB05841F1EE50200278EE9 /* UIColor+Hex.m */,
				2EECE60F1F26D9EE00952362 /* UIViewController+Aop.h */,
				2EECE6101F26D9EE00952362 /* UIViewController+Aop.m */,
				2EECE6121F272B6800952362 /* CustomUtil.h */,
				2EECE6131F272B6800952362 /* CustomUtil.m */,
			);
			path = Helpers;
			sourceTree = "<group>";
		};
		2ECB05781F1DF5A700278EE9 /* main */ = {
			isa = PBXGroup;
			children = (
				2E543F311F24761A00813593 /* User */,
				2ECB05991F205B6C00278EE9 /* Auth */,
				2ECB057A1F1DF62400278EE9 /* LoginViewController.h */,
				2ECB057B1F1DF62400278EE9 /* LoginViewController.m */,
				2E543F2E1F24720800813593 /* TaskViewController.h */,
				2E543F2F1F24720800813593 /* TaskViewController.m */,
				2E543F321F24763C00813593 /* BatteryViewController.h */,
				2E543F331F24763C00813593 /* BatteryViewController.m */,
			);
			name = main;
			sourceTree = "<group>";
		};
		2ECB05861F1F325C00278EE9 /* Config */ = {
			isa = PBXGroup;
			children = (
				2ECB058E1F1F341C00278EE9 /* AppColor.h */,
				2ECB058F1F1F341C00278EE9 /* AppColor.m */,
			);
			path = Config;
			sourceTree = "<group>";
		};
		2ECB05911F2036FA00278EE9 /* common */ = {
			isa = PBXGroup;
			children = (
				2ECB057E1F1E069D00278EE9 /* QBTextField.m */,
				2ECB057D1F1E069D00278EE9 /* QBTextField.h */,
				2ECB05A81F20DF8100278EE9 /* QBTableViewCell.h */,
				2ECB05A91F20DF8100278EE9 /* QBTableViewCell.m */,
				2E543F3D1F258F5A00813593 /* MonutShowView.h */,
				2E543F3E1F258F5A00813593 /* MonutShowView.m */,
				2E543F401F25BFE900813593 /* QBUserTableViewCell.h */,
				2E543F411F25BFE900813593 /* QBUserTableViewCell.m */,
				2EECE6061F25E10200952362 /* LinkButton.h */,
				2EECE6071F25E10200952362 /* LinkButton.m */,
				2EECE6181F2740AF00952362 /* HistoryTaskTableViewCell.h */,
				2EECE6191F2740AF00952362 /* HistoryTaskTableViewCell.m */,
				2EECE61B1F2746F200952362 /* QBSperatorLine.h */,
				2EECE61C1F2746F200952362 /* QBSperatorLine.m */,
			);
			name = common;
			sourceTree = "<group>";
		};
		2ECB05921F20371100278EE9 /* page */ = {
			isa = PBXGroup;
			children = (
				2E543F3A1F257A8600813593 /* UserTableHeaderView.h */,
				2E543F3B1F257A8600813593 /* UserTableHeaderView.m */,
			);
			name = page;
			sourceTree = "<group>";
		};
		2ECB05991F205B6C00278EE9 /* Auth */ = {
			isa = PBXGroup;
			children = (
				2ECB05971F205B5B00278EE9 /* AuthViewController.m */,
				2ECB05961F205B5B00278EE9 /* AuthViewController.h */,
				2ECB05A21F20A29F00278EE9 /* CompleteInfoViewController.h */,
				2ECB05A31F20A29F00278EE9 /* CompleteInfoViewController.m */,
				2E543F281F244A3A00813593 /* CheckViewController.h */,
				2E543F291F244A3A00813593 /* CheckViewController.m */,
				2E543F2B1F244F6B00813593 /* CheckFailureViewController.h */,
				2E543F2C1F244F6B00813593 /* CheckFailureViewController.m */,
			);
			name = Auth;
			sourceTree = "<group>";
		};
		2ECB059A1F205C8B00278EE9 /* base */ = {
			isa = PBXGroup;
			children = (
				2ECB059B1F205CA400278EE9 /* BaseViewController.h */,
				2ECB059C1F205CA400278EE9 /* BaseViewController.m */,
				2ECB05AB1F21908B00278EE9 /* SelectCityViewController.h */,
				2ECB05AC1F21908B00278EE9 /* SelectCityViewController.m */,
				2E543F251F21EEEB00813593 /* ImagePickerViewController.h */,
				2E543F261F21EEEB00813593 /* ImagePickerViewController.m */,
			);
			name = base;
			sourceTree = "<group>";
		};
		2ECB05A11F2083E100278EE9 /* Networking */ = {
			isa = PBXGroup;
			children = (
			);
			name = Networking;
			sourceTree = "<group>";
		};
		84E5D2D4D20EAFB1868EF6A1 /* Pods */ = {
			isa = PBXGroup;
			children = (
				BF63F9F5190223DB348902A5 /* Pods-Switchover.debug.xcconfig */,
				F03A3540C584093F0DEC5815 /* Pods-Switchover.release.xcconfig */,
			);
			name = Pods;
			sourceTree = "<group>";
		};
/* End PBXGroup section */

/* Begin PBXNativeTarget section */
		2ECB05591F1DEC6700278EE9 /* Switchover */ = {
			isa = PBXNativeTarget;
			buildConfigurationList = 2ECB05711F1DEC6700278EE9 /* Build configuration list for PBXNativeTarget "Switchover" */;
			buildPhases = (
				FEB324805C1F5C231DB1A60A /* [CP] Check Pods Manifest.lock */,
				2ECB05561F1DEC6700278EE9 /* Sources */,
				2ECB05571F1DEC6700278EE9 /* Frameworks */,
				2ECB05581F1DEC6700278EE9 /* Resources */,
				544A3E334B26B45E66F92E4D /* [CP] Embed Pods Frameworks */,
				9FC9FD58169A7C39A1E3BE2D /* [CP] Copy Pods Resources */,
			);
			buildRules = (
			);
			dependencies = (
			);
			name = Switchover;
			productName = Switchover;
			productReference = 2ECB055A1F1DEC6700278EE9 /* Switchover.app */;
			productType = "com.apple.product-type.application";
		};
/* End PBXNativeTarget section */

/* Begin PBXProject section */
		2ECB05521F1DEC6700278EE9 /* Project object */ = {
			isa = PBXProject;
			attributes = {
				LastUpgradeCheck = 0830;
				ORGANIZATIONNAME = walkbydream;
				TargetAttributes = {
					2ECB05591F1DEC6700278EE9 = {
						CreatedOnToolsVersion = 8.3.3;
						DevelopmentTeam = UR854Y6UR7;
						ProvisioningStyle = Automatic;
					};
				};
			};
			buildConfigurationList = 2ECB05551F1DEC6700278EE9 /* Build configuration list for PBXProject "Switchover" */;
			compatibilityVersion = "Xcode 3.2";
			developmentRegion = English;
			hasScannedForEncodings = 0;
			knownRegions = (
				en,
				Base,
			);
			mainGroup = 2ECB05511F1DEC6700278EE9;
			productRefGroup = 2ECB055B1F1DEC6700278EE9 /* Products */;
			projectDirPath = "";
			projectRoot = "";
			targets = (
				2ECB05591F1DEC6700278EE9 /* Switchover */,
			);
		};
/* End PBXProject section */

/* Begin PBXResourcesBuildPhase section */
		2ECB05581F1DEC6700278EE9 /* Resources */ = {
			isa = PBXResourcesBuildPhase;
			buildActionMask = 2147483647;
			files = (
				2ECB056D1F1DEC6700278EE9 /* LaunchScreen.storyboard in Resources */,
				2ECB056A1F1DEC6700278EE9 /* Assets.xcassets in Resources */,
				2ECB05681F1DEC6700278EE9 /* Main.storyboard in Resources */,
			);
			runOnlyForDeploymentPostprocessing = 0;
		};
/* End PBXResourcesBuildPhase section */

/* Begin PBXShellScriptBuildPhase section */
		544A3E334B26B45E66F92E4D /* [CP] Embed Pods Frameworks */ = {
			isa = PBXShellScriptBuildPhase;
			buildActionMask = 2147483647;
			files = (
			);
			inputPaths = (
			);
			name = "[CP] Embed Pods Frameworks";
			outputPaths = (
			);
			runOnlyForDeploymentPostprocessing = 0;
			shellPath = /bin/sh;
			shellScript = "\"${SRCROOT}/Pods/Target Support Files/Pods-Switchover/Pods-Switchover-frameworks.sh\"\n";
			showEnvVarsInLog = 0;
		};
		9FC9FD58169A7C39A1E3BE2D /* [CP] Copy Pods Resources */ = {
			isa = PBXShellScriptBuildPhase;
			buildActionMask = 2147483647;
			files = (
			);
			inputPaths = (
			);
			name = "[CP] Copy Pods Resources";
			outputPaths = (
			);
			runOnlyForDeploymentPostprocessing = 0;
			shellPath = /bin/sh;
			shellScript = "\"${SRCROOT}/Pods/Target Support Files/Pods-Switchover/Pods-Switchover-resources.sh\"\n";
			showEnvVarsInLog = 0;
		};
		FEB324805C1F5C231DB1A60A /* [CP] Check Pods Manifest.lock */ = {
			isa = PBXShellScriptBuildPhase;
			buildActionMask = 2147483647;
			files = (
			);
			inputPaths = (
			);
			name = "[CP] Check Pods Manifest.lock";
			outputPaths = (
			);
			runOnlyForDeploymentPostprocessing = 0;
			shellPath = /bin/sh;
			shellScript = "diff \"${PODS_PODFILE_DIR_PATH}/Podfile.lock\" \"${PODS_ROOT}/Manifest.lock\" > /dev/null\nif [ $? != 0 ] ; then\n    # print error to STDERR\n    echo \"error: The sandbox is not in sync with the Podfile.lock. Run 'pod install' or update your CocoaPods installation.\" >&2\n    exit 1\nfi\n";
			showEnvVarsInLog = 0;
		};
/* End PBXShellScriptBuildPhase section */

/* Begin PBXSourcesBuildPhase section */
		2ECB05561F1DEC6700278EE9 /* Sources */ = {
			isa = PBXSourcesBuildPhase;
			buildActionMask = 2147483647;
			files = (
				2E543F371F24933D00813593 /* UserViewController.m in Sources */,
				2E543F341F24763C00813593 /* BatteryViewController.m in Sources */,
				2ECB05951F204E3400278EE9 /* LoginViewModel.m in Sources */,
				2EECE6231F27764700952362 /* HistoryTaskDetailViewController.m in Sources */,
				2ECB059D1F205CA400278EE9 /* BaseViewController.m in Sources */,
				2EECE6111F26D9EE00952362 /* UIViewController+Aop.m in Sources */,
				2ECB057C1F1DF62400278EE9 /* LoginViewController.m in Sources */,
				2ECB05A41F20A29F00278EE9 /* CompleteInfoViewController.m in Sources */,
				2ECB05851F1EE50200278EE9 /* UIColor+Hex.m in Sources */,
				2ECB05AD1F21908B00278EE9 /* SelectCityViewController.m in Sources */,
				2E543F461F25C7FF00813593 /* QBUserViewModel.m in Sources */,
				2E543F271F21EEEB00813593 /* ImagePickerViewController.m in Sources */,
				2ECB05651F1DEC6700278EE9 /* ViewController.m in Sources */,
				2ECB05981F205B5B00278EE9 /* AuthViewController.m in Sources */,
				2ECB05901F1F341C00278EE9 /* AppColor.m in Sources */,
				2ECB057F1F1E069D00278EE9 /* QBTextField.m in Sources */,
				2E543F421F25BFE900813593 /* QBUserTableViewCell.m in Sources */,
				2EECE6261F281E0E00952362 /* TaskModel.m in Sources */,
				2EECE6291F28768300952362 /* HistoryTaskViewModel.m in Sources */,
				2ECB05AA1F20DF8100278EE9 /* QBTableViewCell.m in Sources */,
				2ECB05621F1DEC6700278EE9 /* AppDelegate.m in Sources */,
				2E543F3C1F257A8600813593 /* UserTableHeaderView.m in Sources */,
				2EECE60E1F26140E00952362 /* MyWalletDetailViewController.m in Sources */,
				2ECB055F1F1DEC6700278EE9 /* main.m in Sources */,
				2ECB05A01F207FC200278EE9 /* UserViewModel.m in Sources */,
				2E543F241F21C60A00813593 /* CityViewModel.m in Sources */,
				2EECE60B1F25EA7100952362 /* MyWalletViewController.m in Sources */,
				2E543F301F24720800813593 /* TaskViewController.m in Sources */,
				2E543F3F1F258F5A00813593 /* MonutShowView.m in Sources */,
				2EECE6141F272B6800952362 /* CustomUtil.m in Sources */,
				2EECE6081F25E10200952362 /* LinkButton.m in Sources */,
				2E543F2D1F244F6B00813593 /* CheckFailureViewController.m in Sources */,
				2EECE61A1F2740AF00952362 /* HistoryTaskTableViewCell.m in Sources */,
				2EECE61D1F2746F200952362 /* QBSperatorLine.m in Sources */,
				2E543F2A1F244A3B00813593 /* CheckViewController.m in Sources */,
				2EECE6171F273C8100952362 /* HistoryTaskViewController.m in Sources */,
			);
			runOnlyForDeploymentPostprocessing = 0;
		};
/* End PBXSourcesBuildPhase section */

/* Begin PBXVariantGroup section */
		2ECB05661F1DEC6700278EE9 /* Main.storyboard */ = {
			isa = PBXVariantGroup;
			children = (
				2ECB05671F1DEC6700278EE9 /* Base */,
			);
			name = Main.storyboard;
			sourceTree = "<group>";
		};
		2ECB056B1F1DEC6700278EE9 /* LaunchScreen.storyboard */ = {
			isa = PBXVariantGroup;
			children = (
				2ECB056C1F1DEC6700278EE9 /* Base */,
			);
			name = LaunchScreen.storyboard;
			sourceTree = "<group>";
		};
/* End PBXVariantGroup section */

/* Begin XCBuildConfiguration section */
		2ECB056F1F1DEC6700278EE9 /* Debug */ = {
			isa = XCBuildConfiguration;
			buildSettings = {
				ALWAYS_SEARCH_USER_PATHS = NO;
				CLANG_ANALYZER_NONNULL = YES;
				CLANG_ANALYZER_NUMBER_OBJECT_CONVERSION = YES_AGGRESSIVE;
				CLANG_CXX_LANGUAGE_STANDARD = "gnu++0x";
				CLANG_CXX_LIBRARY = "libc++";
				CLANG_ENABLE_MODULES = YES;
				CLANG_ENABLE_OBJC_ARC = YES;
				CLANG_WARN_BOOL_CONVERSION = YES;
				CLANG_WARN_CONSTANT_CONVERSION = YES;
				CLANG_WARN_DIRECT_OBJC_ISA_USAGE = YES_ERROR;
				CLANG_WARN_DOCUMENTATION_COMMENTS = YES;
				CLANG_WARN_EMPTY_BODY = YES;
				CLANG_WARN_ENUM_CONVERSION = YES;
				CLANG_WARN_INFINITE_RECURSION = YES;
				CLANG_WARN_INT_CONVERSION = YES;
				CLANG_WARN_OBJC_ROOT_CLASS = YES_ERROR;
				CLANG_WARN_SUSPICIOUS_MOVE = YES;
				CLANG_WARN_UNREACHABLE_CODE = YES;
				CLANG_WARN__DUPLICATE_METHOD_MATCH = YES;
				"CODE_SIGN_IDENTITY[sdk=iphoneos*]" = "iPhone Developer";
				COPY_PHASE_STRIP = NO;
				DEBUG_INFORMATION_FORMAT = dwarf;
				ENABLE_STRICT_OBJC_MSGSEND = YES;
				ENABLE_TESTABILITY = YES;
				GCC_C_LANGUAGE_STANDARD = gnu99;
				GCC_DYNAMIC_NO_PIC = NO;
				GCC_NO_COMMON_BLOCKS = YES;
				GCC_OPTIMIZATION_LEVEL = 0;
				GCC_PREPROCESSOR_DEFINITIONS = (
					"DEBUG=1",
					"$(inherited)",
				);
				GCC_WARN_64_TO_32_BIT_CONVERSION = YES;
				GCC_WARN_ABOUT_RETURN_TYPE = YES_ERROR;
				GCC_WARN_UNDECLARED_SELECTOR = YES;
				GCC_WARN_UNINITIALIZED_AUTOS = YES_AGGRESSIVE;
				GCC_WARN_UNUSED_FUNCTION = YES;
				GCC_WARN_UNUSED_VARIABLE = YES;
				HEADER_SEARCH_PATHS = "";
				IPHONEOS_DEPLOYMENT_TARGET = 10.3;
				LIBRARY_SEARCH_PATHS = "";
				MTL_ENABLE_DEBUG_INFO = YES;
				ONLY_ACTIVE_ARCH = YES;
				SDKROOT = iphoneos;
			};
			name = Debug;
		};
		2ECB05701F1DEC6700278EE9 /* Release */ = {
			isa = XCBuildConfiguration;
			buildSettings = {
				ALWAYS_SEARCH_USER_PATHS = NO;
				CLANG_ANALYZER_NONNULL = YES;
				CLANG_ANALYZER_NUMBER_OBJECT_CONVERSION = YES_AGGRESSIVE;
				CLANG_CXX_LANGUAGE_STANDARD = "gnu++0x";
				CLANG_CXX_LIBRARY = "libc++";
				CLANG_ENABLE_MODULES = YES;
				CLANG_ENABLE_OBJC_ARC = YES;
				CLANG_WARN_BOOL_CONVERSION = YES;
				CLANG_WARN_CONSTANT_CONVERSION = YES;
				CLANG_WARN_DIRECT_OBJC_ISA_USAGE = YES_ERROR;
				CLANG_WARN_DOCUMENTATION_COMMENTS = YES;
				CLANG_WARN_EMPTY_BODY = YES;
				CLANG_WARN_ENUM_CONVERSION = YES;
				CLANG_WARN_INFINITE_RECURSION = YES;
				CLANG_WARN_INT_CONVERSION = YES;
				CLANG_WARN_OBJC_ROOT_CLASS = YES_ERROR;
				CLANG_WARN_SUSPICIOUS_MOVE = YES;
				CLANG_WARN_UNREACHABLE_CODE = YES;
				CLANG_WARN__DUPLICATE_METHOD_MATCH = YES;
				"CODE_SIGN_IDENTITY[sdk=iphoneos*]" = "iPhone Developer";
				COPY_PHASE_STRIP = NO;
				DEBUG_INFORMATION_FORMAT = "dwarf-with-dsym";
				ENABLE_NS_ASSERTIONS = NO;
				ENABLE_STRICT_OBJC_MSGSEND = YES;
				GCC_C_LANGUAGE_STANDARD = gnu99;
				GCC_NO_COMMON_BLOCKS = YES;
				GCC_WARN_64_TO_32_BIT_CONVERSION = YES;
				GCC_WARN_ABOUT_RETURN_TYPE = YES_ERROR;
				GCC_WARN_UNDECLARED_SELECTOR = YES;
				GCC_WARN_UNINITIALIZED_AUTOS = YES_AGGRESSIVE;
				GCC_WARN_UNUSED_FUNCTION = YES;
				GCC_WARN_UNUSED_VARIABLE = YES;
				HEADER_SEARCH_PATHS = "";
				IPHONEOS_DEPLOYMENT_TARGET = 10.3;
				LIBRARY_SEARCH_PATHS = "";
				MTL_ENABLE_DEBUG_INFO = NO;
				SDKROOT = iphoneos;
				VALIDATE_PRODUCT = YES;
			};
			name = Release;
		};
		2ECB05721F1DEC6700278EE9 /* Debug */ = {
			isa = XCBuildConfiguration;
			baseConfigurationReference = BF63F9F5190223DB348902A5 /* Pods-Switchover.debug.xcconfig */;
			buildSettings = {
				ASSETCATALOG_COMPILER_APPICON_NAME = AppIcon;
				DEVELOPMENT_TEAM = UR854Y6UR7;
				ENABLE_BITCODE = YES;
				INFOPLIST_FILE = Switchover/Info.plist;
				IPHONEOS_DEPLOYMENT_TARGET = 8.0;
				LD_RUNPATH_SEARCH_PATHS = "$(inherited) @executable_path/Frameworks";
				PRODUCT_BUNDLE_IDENTIFIER = walkbydream.Switchover;
				PRODUCT_NAME = "$(TARGET_NAME)";
				USER_HEADER_SEARCH_PATHS = "$(SRCROOT)/Pods/**";
			};
			name = Debug;
		};
		2ECB05731F1DEC6700278EE9 /* Release */ = {
			isa = XCBuildConfiguration;
			baseConfigurationReference = F03A3540C584093F0DEC5815 /* Pods-Switchover.release.xcconfig */;
			buildSettings = {
				ASSETCATALOG_COMPILER_APPICON_NAME = AppIcon;
				DEVELOPMENT_TEAM = UR854Y6UR7;
				ENABLE_BITCODE = YES;
				INFOPLIST_FILE = Switchover/Info.plist;
				IPHONEOS_DEPLOYMENT_TARGET = 8.0;
				LD_RUNPATH_SEARCH_PATHS = "$(inherited) @executable_path/Frameworks";
				PRODUCT_BUNDLE_IDENTIFIER = walkbydream.Switchover;
				PRODUCT_NAME = "$(TARGET_NAME)";
				USER_HEADER_SEARCH_PATHS = "$(SRCROOT)/Pods/**";
			};
			name = Release;
		};
/* End XCBuildConfiguration section */

/* Begin XCConfigurationList section */
		2ECB05551F1DEC6700278EE9 /* Build configuration list for PBXProject "Switchover" */ = {
			isa = XCConfigurationList;
			buildConfigurations = (
				2ECB056F1F1DEC6700278EE9 /* Debug */,
				2ECB05701F1DEC6700278EE9 /* Release */,
			);
			defaultConfigurationIsVisible = 0;
			defaultConfigurationName = Release;
		};
		2ECB05711F1DEC6700278EE9 /* Build configuration list for PBXNativeTarget "Switchover" */ = {
			isa = XCConfigurationList;
			buildConfigurations = (
				2ECB05721F1DEC6700278EE9 /* Debug */,
				2ECB05731F1DEC6700278EE9 /* Release */,
			);
			defaultConfigurationIsVisible = 0;
			defaultConfigurationName = Release;
		};
/* End XCConfigurationList section */
	};
	rootObject = 2ECB05521F1DEC6700278EE9 /* Project object */;
}
